
Microsoft Visual Studio Solution File, Format Version 12.00
# Visual Studio Version 17
VisualStudioVersion = 17.8.34525.116
MinimumVisualStudioVersion = 10.0.40219.1
Project("{FAE04EC0-301F-11D3-BF4B-00C04F79EFBC}") = "MvcBlog", "MvcBlog\MvcBlog.csproj", "{431E2C7F-0054-498C-B46B-0784A667BA9B}"
EndProject
Project("{FAE04EC0-301F-11D3-BF4B-00C04F79EFBC}") = "EntityModel", "EntityModel\EntityModel.csproj", "{88D73361-CBD5-44F2-BA06-3301111C6262}"
EndProject
Project("{FAE04EC0-301F-11D3-BF4B-00C04F79EFBC}") = "EntityController", "EntityController\EntityController.csproj", "{5205D6F8-5F85-4084-A29F-09299762B16B}"
EndProject
Global
	GlobalSection(SolutionConfigurationPlatforms) = preSolution
		Debug|Any CPU = Debug|Any CPU
		Release|Any CPU = Release|Any CPU
	EndGlobalSection
	GlobalSection(ProjectConfigurationPlatforms) = postSolution
		{431E2C7F-0054-498C-B46B-0784A667BA9B}.Debug|Any CPU.ActiveCfg = Debug|Any CPU
		{431E2C7F-0054-498C-B46B-0784A667BA9B}.Debug|Any CPU.Build.0 = Debug|Any CPU
		{431E2C7F-0054-498C-B46B-0784A667BA9B}.Release|Any CPU.ActiveCfg = Release|Any CPU
		{431E2C7F-0054-498C-B46B-0784A667BA9B}.Release|Any CPU.Build.0 = Release|Any CPU
		{88D73361-CBD5-44F2-BA06-3301111C6262}.Debug|Any CPU.ActiveCfg = Debug|Any CPU
		{88D73361-CBD5-44F2-BA06-3301111C6262}.Debug|Any CPU.Build.0 = Debug|Any CPU
		{88D73361-CBD5-44F2-BA06-3301111C6262}.Release|Any CPU.ActiveCfg = Release|Any CPU
		{88D73361-CBD5-44F2-BA06-3301111C6262}.Release|Any CPU.Build.0 = Release|Any CPU
		{5205D6F8-5F85-4084-A29F-09299762B16B}.Debug|Any CPU.ActiveCfg = Debug|Any CPU
		{5205D6F8-5F85-4084-A29F-09299762B16B}.Debug|Any CPU.Build.0 = Debug|Any CPU
		{5205D6F8-5F85-4084-A29F-09299762B16B}.Release|Any CPU.ActiveCfg = Release|Any CPU
		{5205D6F8-5F85-4084-A29F-09299762B16B}.Release|Any CPU.Build.0 = Release|Any CPU
	EndGlobalSection
	GlobalSection(SolutionProperties) = preSolution
		HideSolutionNode = FALSE
	EndGlobalSection
	GlobalSection(ExtensibilityGlobals) = postSolution
		SolutionGuid = {862242AF-4F44-4A57-984A-0CCA84E40E3F}
	EndGlobalSection
EndGlobal
